
Microsoft Visual Studio Solution File, Format Version 12.00
# Visual Studio Version 16
VisualStudioVersion = 16.0.30907.101
MinimumVisualStudioVersion = 10.0.40219.1
Project("{9A19103F-16F7-4668-BE54-9A1E7A4F7556}") = "Sampath.SMSB.tooling2", "Sampath.SMSB\Sampath.SMSB.tooling2.csproj", "{1A8C459A-1257-40D1-A220-0EB7486295F8}"
EndProject
Project("{9A19103F-16F7-4668-BE54-9A1E7A4F7556}") = "Sampath.Common", "Common\Common\Sampath.Common.csproj", "{DD0E5ADA-55EC-4CBB-9CB4-0DED9C817758}"
EndProject
Global
	GlobalSection(SolutionConfigurationPlatforms) = preSolution
		Debug|Any CPU = Debug|Any CPU
		Release|Any CPU = Release|Any CPU
	EndGlobalSection
	GlobalSection(ProjectConfigurationPlatforms) = postSolution
		{1A8C459A-1257-40D1-A220-0EB7486295F8}.Debug|Any CPU.ActiveCfg = Debug|Any CPU
		{1A8C459A-1257-40D1-A220-0EB7486295F8}.Debug|Any CPU.Build.0 = Debug|Any CPU
		{1A8C459A-1257-40D1-A220-0EB7486295F8}.Release|Any CPU.ActiveCfg = Release|Any CPU
		{1A8C459A-1257-40D1-A220-0EB7486295F8}.Release|Any CPU.Build.0 = Release|Any CPU
		{DD0E5ADA-55EC-4CBB-9CB4-0DED9C817758}.Debug|Any CPU.ActiveCfg = Debug|Any CPU
		{DD0E5ADA-55EC-4CBB-9CB4-0DED9C817758}.Debug|Any CPU.Build.0 = Debug|Any CPU
		{DD0E5ADA-55EC-4CBB-9CB4-0DED9C817758}.Release|Any CPU.ActiveCfg = Release|Any CPU
		{DD0E5ADA-55EC-4CBB-9CB4-0DED9C817758}.Release|Any CPU.Build.0 = Release|Any CPU
	EndGlobalSection
	GlobalSection(SolutionProperties) = preSolution
		HideSolutionNode = FALSE
	EndGlobalSection
	GlobalSection(ExtensibilityGlobals) = postSolution
		SolutionGuid = {626D76BA-9CA8-4B86-9143-576612330E61}
	EndGlobalSection
EndGlobal
